// !$*UTF8*$!
{
	archiveVersion = 1;
	classes = {
	};
	objectVersion = 56;
	objects = {

/* Begin PBXBuildFile section */
		A00000000000000000000101 /* ResearchSupportApp.swift in Sources */ = {isa = PBXBuildFile; fileRef = A00000000000000000000001 /* ResearchSupportApp.swift */; };
		A00000000000000000000102 /* Utilities/AppSettings.swift in Sources */ = {isa = PBXBuildFile; fileRef = A00000000000000000000002 /* Utilities/AppSettings.swift */; };
		A00000000000000000000103 /* Models/Paper.swift in Sources */ = {isa = PBXBuildFile; fileRef = A00000000000000000000003 /* Models/Paper.swift */; };
		A00000000000000000000104 /* Models/APIModels.swift in Sources */ = {isa = PBXBuildFile; fileRef = A00000000000000000000004 /* Models/APIModels.swift */; };
		A00000000000000000000105 /* Models/APIError.swift in Sources */ = {isa = PBXBuildFile; fileRef = A00000000000000000000005 /* Models/APIError.swift */; };
		A00000000000000000000106 /* Services/APIClient.swift in Sources */ = {isa = PBXBuildFile; fileRef = A00000000000000000000006 /* Services/APIClient.swift */; };
		A00000000000000000000107 /* Services/PaperService.swift in Sources */ = {isa = PBXBuildFile; fileRef = A00000000000000000000007 /* Services/PaperService.swift */; };
		A00000000000000000000108 /* Services/TranslationService.swift in Sources */ = {isa = PBXBuildFile; fileRef = A00000000000000000000008 /* Services/TranslationService.swift */; };
		A00000000000000000000109 /* Services/QuestionService.swift in Sources */ = {isa = PBXBuildFile; fileRef = A00000000000000000000009 /* Services/QuestionService.swift */; };
		A00000000000000000000110 /* Services/MarkdownService.swift in Sources */ = {isa = PBXBuildFile; fileRef = A00000000000000000000010 /* Services/MarkdownService.swift */; };
		A00000000000000000000111 /* ViewModels/HomeViewModel.swift in Sources */ = {isa = PBXBuildFile; fileRef = A00000000000000000000011 /* ViewModels/HomeViewModel.swift */; };
		A00000000000000000000112 /* ViewModels/ImportPaperViewModel.swift in Sources */ = {isa = PBXBuildFile; fileRef = A00000000000000000000012 /* ViewModels/ImportPaperViewModel.swift */; };
		A00000000000000000000113 /* ViewModels/PaperDetailViewModel.swift in Sources */ = {isa = PBXBuildFile; fileRef = A00000000000000000000013 /* ViewModels/PaperDetailViewModel.swift */; };
		A00000000000000000000114 /* ViewModels/AskPaperViewModel.swift in Sources */ = {isa = PBXBuildFile; fileRef = A00000000000000000000014 /* ViewModels/AskPaperViewModel.swift */; };
		A00000000000000000000115 /* ViewModels/SettingsViewModel.swift in Sources */ = {isa = PBXBuildFile; fileRef = A00000000000000000000015 /* ViewModels/SettingsViewModel.swift */; };
		A00000000000000000000116 /* Views/Components/ErrorBanner.swift in Sources */ = {isa = PBXBuildFile; fileRef = A00000000000000000000016 /* Views/Components/ErrorBanner.swift */; };
		A00000000000000000000117 /* Views/Components/LoadingOverlay.swift in Sources */ = {isa = PBXBuildFile; fileRef = A00000000000000000000017 /* Views/Components/LoadingOverlay.swift */; };
		A00000000000000000000118 /* Views/HomeView.swift in Sources */ = {isa = PBXBuildFile; fileRef = A00000000000000000000018 /* Views/HomeView.swift */; };
		A00000000000000000000119 /* Views/ImportPaperView.swift in Sources */ = {isa = PBXBuildFile; fileRef = A00000000000000000000019 /* Views/ImportPaperView.swift */; };
		A00000000000000000000120 /* Views/PaperDetailView.swift in Sources */ = {isa = PBXBuildFile; fileRef = A00000000000000000000020 /* Views/PaperDetailView.swift */; };
		A00000000000000000000121 /* Views/AskPaperView.swift in Sources */ = {isa = PBXBuildFile; fileRef = A00000000000000000000021 /* Views/AskPaperView.swift */; };
		A00000000000000000000122 /* Views/SettingsView.swift in Sources */ = {isa = PBXBuildFile; fileRef = A00000000000000000000022 /* Views/SettingsView.swift */; };
		A00000000000000000000123 /* Services/LocalLibraryService.swift in Sources */ = {isa = PBXBuildFile; fileRef = A00000000000000000000025 /* Services/LocalLibraryService.swift */; };
		A00000000000000000000124 /* Views/ComparePapersView.swift in Sources */ = {isa = PBXBuildFile; fileRef = A00000000000000000000026 /* Views/ComparePapersView.swift */; };
		A00000000000000000000125 /* Services/PaperCharacterService.swift in Sources */ = {isa = PBXBuildFile; fileRef = A00000000000000000000027 /* Services/PaperCharacterService.swift */; };
		A00000000000000000000126 /* Utilities/KeychainService.swift in Sources */ = {isa = PBXBuildFile; fileRef = A00000000000000000000028 /* Utilities/KeychainService.swift */; };
		A00000000000000000000127 /* Services/LLMContextBuilder.swift in Sources */ = {isa = PBXBuildFile; fileRef = A00000000000000000000029 /* Services/LLMContextBuilder.swift */; };
/* End PBXBuildFile section */

/* Begin PBXFileReference section */
		A00000000000000000000001 /* ResearchSupportApp.swift */ = {isa = PBXFileReference; lastKnownFileType = sourcecode.swift; path = ResearchSupportApp.swift; sourceTree = "<group>"; };
		A00000000000000000000002 /* Utilities/AppSettings.swift */ = {isa = PBXFileReference; lastKnownFileType = sourcecode.swift; path = Utilities/AppSettings.swift; sourceTree = "<group>"; };
		A00000000000000000000003 /* Models/Paper.swift */ = {isa = PBXFileReference; lastKnownFileType = sourcecode.swift; path = Models/Paper.swift; sourceTree = "<group>"; };
		A00000000000000000000004 /* Models/APIModels.swift */ = {isa = PBXFileReference; lastKnownFileType = sourcecode.swift; path = Models/APIModels.swift; sourceTree = "<group>"; };
		A00000000000000000000005 /* Models/APIError.swift */ = {isa = PBXFileReference; lastKnownFileType = sourcecode.swift; path = Models/APIError.swift; sourceTree = "<group>"; };
		A00000000000000000000006 /* Services/APIClient.swift */ = {isa = PBXFileReference; lastKnownFileType = sourcecode.swift; path = Services/APIClient.swift; sourceTree = "<group>"; };
		A00000000000000000000007 /* Services/PaperService.swift */ = {isa = PBXFileReference; lastKnownFileType = sourcecode.swift; path = Services/PaperService.swift; sourceTree = "<group>"; };
		A00000000000000000000008 /* Services/TranslationService.swift */ = {isa = PBXFileReference; lastKnownFileType = sourcecode.swift; path = Services/TranslationService.swift; sourceTree = "<group>"; };
		A00000000000000000000009 /* Services/QuestionService.swift */ = {isa = PBXFileReference; lastKnownFileType = sourcecode.swift; path = Services/QuestionService.swift; sourceTree = "<group>"; };
		A00000000000000000000010 /* Services/MarkdownService.swift */ = {isa = PBXFileReference; lastKnownFileType = sourcecode.swift; path = Services/MarkdownService.swift; sourceTree = "<group>"; };
		A00000000000000000000011 /* ViewModels/HomeViewModel.swift */ = {isa = PBXFileReference; lastKnownFileType = sourcecode.swift; path = ViewModels/HomeViewModel.swift; sourceTree = "<group>"; };
		A00000000000000000000012 /* ViewModels/ImportPaperViewModel.swift */ = {isa = PBXFileReference; lastKnownFileType = sourcecode.swift; path = ViewModels/ImportPaperViewModel.swift; sourceTree = "<group>"; };
		A00000000000000000000013 /* ViewModels/PaperDetailViewModel.swift */ = {isa = PBXFileReference; lastKnownFileType = sourcecode.swift; path = ViewModels/PaperDetailViewModel.swift; sourceTree = "<group>"; };
		A00000000000000000000014 /* ViewModels/AskPaperViewModel.swift */ = {isa = PBXFileReference; lastKnownFileType = sourcecode.swift; path = ViewModels/AskPaperViewModel.swift; sourceTree = "<group>"; };
		A00000000000000000000015 /* ViewModels/SettingsViewModel.swift */ = {isa = PBXFileReference; lastKnownFileType = sourcecode.swift; path = ViewModels/SettingsViewModel.swift; sourceTree = "<group>"; };
		A00000000000000000000016 /* Views/Components/ErrorBanner.swift */ = {isa = PBXFileReference; lastKnownFileType = sourcecode.swift; path = Views/Components/ErrorBanner.swift; sourceTree = "<group>"; };
		A00000000000000000000017 /* Views/Components/LoadingOverlay.swift */ = {isa = PBXFileReference; lastKnownFileType = sourcecode.swift; path = Views/Components/LoadingOverlay.swift; sourceTree = "<group>"; };
		A00000000000000000000018 /* Views/HomeView.swift */ = {isa = PBXFileReference; lastKnownFileType = sourcecode.swift; path = Views/HomeView.swift; sourceTree = "<group>"; };
		A00000000000000000000019 /* Views/ImportPaperView.swift */ = {isa = PBXFileReference; lastKnownFileType = sourcecode.swift; path = Views/ImportPaperView.swift; sourceTree = "<group>"; };
		A00000000000000000000020 /* Views/PaperDetailView.swift */ = {isa = PBXFileReference; lastKnownFileType = sourcecode.swift; path = Views/PaperDetailView.swift; sourceTree = "<group>"; };
		A00000000000000000000021 /* Views/AskPaperView.swift */ = {isa = PBXFileReference; lastKnownFileType = sourcecode.swift; path = Views/AskPaperView.swift; sourceTree = "<group>"; };
		A00000000000000000000022 /* Views/SettingsView.swift */ = {isa = PBXFileReference; lastKnownFileType = sourcecode.swift; path = Views/SettingsView.swift; sourceTree = "<group>"; };
		A00000000000000000000023 /* Info.plist */ = {isa = PBXFileReference; lastKnownFileType = text.plist.xml; path = Info.plist; sourceTree = "<group>"; };
		A00000000000000000000024 /* ResearchSupportIPhone.app */ = {isa = PBXFileReference; explicitFileType = wrapper.application; includeInIndex = 0; path = ResearchSupportIPhone.app; sourceTree = BUILT_PRODUCTS_DIR; };
		A00000000000000000000025 /* Services/LocalLibraryService.swift */ = {isa = PBXFileReference; lastKnownFileType = sourcecode.swift; path = Services/LocalLibraryService.swift; sourceTree = "<group>"; };
		A00000000000000000000026 /* Views/ComparePapersView.swift */ = {isa = PBXFileReference; lastKnownFileType = sourcecode.swift; path = Views/ComparePapersView.swift; sourceTree = "<group>"; };
		A00000000000000000000027 /* Services/PaperCharacterService.swift */ = {isa = PBXFileReference; lastKnownFileType = sourcecode.swift; path = Services/PaperCharacterService.swift; sourceTree = "<group>"; };
		A00000000000000000000028 /* Utilities/KeychainService.swift */ = {isa = PBXFileReference; lastKnownFileType = sourcecode.swift; path = Utilities/KeychainService.swift; sourceTree = "<group>"; };
		A00000000000000000000029 /* Services/LLMContextBuilder.swift */ = {isa = PBXFileReference; lastKnownFileType = sourcecode.swift; path = Services/LLMContextBuilder.swift; sourceTree = "<group>"; };
/* End PBXFileReference section */

/* Begin PBXFrameworksBuildPhase section */
		A00000000000000000000201 /* Frameworks */ = {
			isa = PBXFrameworksBuildPhase;
			buildActionMask = 2147483647;
			files = (
			);
			runOnlyForDeploymentPostprocessing = 0;
		};
/* End PBXFrameworksBuildPhase section */

/* Begin PBXGroup section */
		A00000000000000000000301 = {
			isa = PBXGroup;
			children = (
				A00000000000000000000302 /* ResearchSupportiOS */,
				A00000000000000000000303 /* Products */,
			);
			sourceTree = "<group>";
		};
		A00000000000000000000302 /* ResearchSupportiOS */ = {
			isa = PBXGroup;
			children = (
				A00000000000000000000001 /* ResearchSupportApp.swift */,
				A00000000000000000000003 /* Models/Paper.swift */,
				A00000000000000000000004 /* Models/APIModels.swift */,
				A00000000000000000000005 /* Models/APIError.swift */,
				A00000000000000000000006 /* Services/APIClient.swift */,
				A00000000000000000000007 /* Services/PaperService.swift */,
				A00000000000000000000008 /* Services/TranslationService.swift */,
				A00000000000000000000009 /* Services/QuestionService.swift */,
				A00000000000000000000010 /* Services/MarkdownService.swift */,
				A00000000000000000000025 /* Services/LocalLibraryService.swift */,
				A00000000000000000000027 /* Services/PaperCharacterService.swift */,
				A00000000000000000000029 /* Services/LLMContextBuilder.swift */,
				A00000000000000000000011 /* ViewModels/HomeViewModel.swift */,
				A00000000000000000000012 /* ViewModels/ImportPaperViewModel.swift */,
				A00000000000000000000013 /* ViewModels/PaperDetailViewModel.swift */,
				A00000000000000000000014 /* ViewModels/AskPaperViewModel.swift */,
				A00000000000000000000015 /* ViewModels/SettingsViewModel.swift */,
				A00000000000000000000016 /* Views/Components/ErrorBanner.swift */,
				A00000000000000000000017 /* Views/Components/LoadingOverlay.swift */,
				A00000000000000000000018 /* Views/HomeView.swift */,
				A00000000000000000000019 /* Views/ImportPaperView.swift */,
				A00000000000000000000020 /* Views/PaperDetailView.swift */,
				A00000000000000000000021 /* Views/AskPaperView.swift */,
				A00000000000000000000022 /* Views/SettingsView.swift */,
				A00000000000000000000026 /* Views/ComparePapersView.swift */,
				A00000000000000000000002 /* Utilities/AppSettings.swift */,
				A00000000000000000000028 /* Utilities/KeychainService.swift */,
				A00000000000000000000023 /* Info.plist */,
			);
			path = ResearchSupportiOS;
			sourceTree = "<group>";
		};
		A00000000000000000000303 /* Products */ = {
			isa = PBXGroup;
			children = (
				A00000000000000000000024 /* ResearchSupportIPhone.app */,
			);
			name = Products;
			sourceTree = "<group>";
		};
/* End PBXGroup section */

/* Begin PBXNativeTarget section */
		A00000000000000000000401 /* ResearchSupportIPhone */ = {
			isa = PBXNativeTarget;
			buildConfigurationList = A00000000000000000000703 /* Build configuration list for PBXNativeTarget "ResearchSupportIPhone" */;
			buildPhases = (
				A00000000000000000000202 /* Sources */,
				A00000000000000000000201 /* Frameworks */,
				A00000000000000000000203 /* Resources */,
			);
			buildRules = (
			);
			dependencies = (
			);
			name = ResearchSupportIPhone;
			productName = ResearchSupportIPhone;
			productReference = A00000000000000000000024 /* ResearchSupportIPhone.app */;
			productType = "com.apple.product-type.application";
		};
/* End PBXNativeTarget section */

/* Begin PBXProject section */
		A00000000000000000000501 /* Project object */ = {
			isa = PBXProject;
			attributes = {
				BuildIndependentTargetsInParallel = 1;
				LastSwiftUpdateCheck = 1530;
				LastUpgradeCheck = 2640;
				TargetAttributes = {
					A00000000000000000000401 = {
						CreatedOnToolsVersion = 15.3;
					};
				};
			};
			buildConfigurationList = A00000000000000000000701 /* Build configuration list for PBXProject "ResearchSupportiOS" */;
			compatibilityVersion = "Xcode 14.0";
			developmentRegion = en;
			hasScannedForEncodings = 0;
			knownRegions = (
				en,
				Base,
			);
			mainGroup = A00000000000000000000301;
			productRefGroup = A00000000000000000000303 /* Products */;
			projectDirPath = "";
			projectRoot = "";
			targets = (
				A00000000000000000000401 /* ResearchSupportIPhone */,
			);
		};
/* End PBXProject section */

/* Begin PBXResourcesBuildPhase section */
		A00000000000000000000203 /* Resources */ = {
			isa = PBXResourcesBuildPhase;
			buildActionMask = 2147483647;
			files = (
			);
			runOnlyForDeploymentPostprocessing = 0;
		};
/* End PBXResourcesBuildPhase section */

/* Begin PBXSourcesBuildPhase section */
		A00000000000000000000202 /* Sources */ = {
			isa = PBXSourcesBuildPhase;
			buildActionMask = 2147483647;
			files = (
				A00000000000000000000101 /* ResearchSupportApp.swift in Sources */,
				A00000000000000000000102 /* Utilities/AppSettings.swift in Sources */,
				A00000000000000000000103 /* Models/Paper.swift in Sources */,
				A00000000000000000000104 /* Models/APIModels.swift in Sources */,
				A00000000000000000000105 /* Models/APIError.swift in Sources */,
				A00000000000000000000106 /* Services/APIClient.swift in Sources */,
				A00000000000000000000107 /* Services/PaperService.swift in Sources */,
				A00000000000000000000108 /* Services/TranslationService.swift in Sources */,
				A00000000000000000000109 /* Services/QuestionService.swift in Sources */,
				A00000000000000000000110 /* Services/MarkdownService.swift in Sources */,
				A00000000000000000000123 /* Services/LocalLibraryService.swift in Sources */,
				A00000000000000000000125 /* Services/PaperCharacterService.swift in Sources */,
				A00000000000000000000111 /* ViewModels/HomeViewModel.swift in Sources */,
				A00000000000000000000112 /* ViewModels/ImportPaperViewModel.swift in Sources */,
				A00000000000000000000113 /* ViewModels/PaperDetailViewModel.swift in Sources */,
				A00000000000000000000114 /* ViewModels/AskPaperViewModel.swift in Sources */,
				A00000000000000000000115 /* ViewModels/SettingsViewModel.swift in Sources */,
				A00000000000000000000116 /* Views/Components/ErrorBanner.swift in Sources */,
				A00000000000000000000117 /* Views/Components/LoadingOverlay.swift in Sources */,
				A00000000000000000000118 /* Views/HomeView.swift in Sources */,
				A00000000000000000000119 /* Views/ImportPaperView.swift in Sources */,
				A00000000000000000000120 /* Views/PaperDetailView.swift in Sources */,
				A00000000000000000000121 /* Views/AskPaperView.swift in Sources */,
				A00000000000000000000122 /* Views/SettingsView.swift in Sources */,
				A00000000000000000000124 /* Views/ComparePapersView.swift in Sources */,
				A00000000000000000000126 /* Utilities/KeychainService.swift in Sources */,
				A00000000000000000000127 /* Services/LLMContextBuilder.swift in Sources */,
			);
			runOnlyForDeploymentPostprocessing = 0;
		};
/* End PBXSourcesBuildPhase section */

/* Begin XCBuildConfiguration section */
		A00000000000000000000601 /* Debug */ = {
			isa = XCBuildConfiguration;
			buildSettings = {
				ALWAYS_SEARCH_USER_PATHS = NO;
				CLANG_ANALYZER_NONNULL = YES;
				CLANG_ANALYZER_NUMBER_OBJECT_CONVERSION = YES_AGGRESSIVE;
				CLANG_CXX_LANGUAGE_STANDARD = "gnu++20";
				CLANG_ENABLE_MODULES = YES;
				CLANG_ENABLE_OBJC_ARC = YES;
				CLANG_ENABLE_OBJC_WEAK = YES;
				CLANG_WARN_BLOCK_CAPTURE_AUTORELEASING = YES;
				CLANG_WARN_BOOL_CONVERSION = YES;
				CLANG_WARN_COMMA = YES;
				CLANG_WARN_CONSTANT_CONVERSION = YES;
				CLANG_WARN_DEPRECATED_OBJC_IMPLEMENTATIONS = YES;
				CLANG_WARN_DIRECT_OBJC_ISA_USAGE = YES_ERROR;
				CLANG_WARN_DOCUMENTATION_COMMENTS = YES;
				CLANG_WARN_EMPTY_BODY = YES;
				CLANG_WARN_ENUM_CONVERSION = YES;
				CLANG_WARN_INFINITE_RECURSION = YES;
				CLANG_WARN_INT_CONVERSION = YES;
				CLANG_WARN_NON_LITERAL_NULL_CONVERSION = YES;
				CLANG_WARN_OBJC_IMPLICIT_RETAIN_SELF = YES;
				CLANG_WARN_OBJC_LITERAL_CONVERSION = YES;
				CLANG_WARN_OBJC_ROOT_CLASS = YES_ERROR;
				CLANG_WARN_QUOTED_INCLUDE_IN_FRAMEWORK_HEADER = YES;
				CLANG_WARN_RANGE_LOOP_ANALYSIS = YES;
				CLANG_WARN_STRICT_PROTOTYPES = YES;
				CLANG_WARN_SUSPICIOUS_MOVE = YES;
				CLANG_WARN_UNGUARDED_AVAILABILITY = YES_AGGRESSIVE;
				CLANG_WARN_UNREACHABLE_CODE = YES;
				CLANG_WARN__DUPLICATE_METHOD_MATCH = YES;
				COPY_PHASE_STRIP = NO;
				DEBUG_INFORMATION_FORMAT = dwarf;
				ENABLE_STRICT_OBJC_MSGSEND = YES;
				ENABLE_TESTABILITY = YES;
				ENABLE_USER_SCRIPT_SANDBOXING = YES;
				GCC_C_LANGUAGE_STANDARD = gnu17;
				GCC_DYNAMIC_NO_PIC = NO;
				GCC_NO_COMMON_BLOCKS = YES;
				GCC_OPTIMIZATION_LEVEL = 0;
				GCC_PREPROCESSOR_DEFINITIONS = (
					"DEBUG=1",
					"$(inherited)",
				);
				GCC_WARN_64_TO_32_BIT_CONVERSION = YES;
				GCC_WARN_ABOUT_RETURN_TYPE = YES_ERROR;
				GCC_WARN_UNDECLARED_SELECTOR = YES;
				GCC_WARN_UNINITIALIZED_AUTOS = YES_AGGRESSIVE;
				GCC_WARN_UNUSED_FUNCTION = YES;
				GCC_WARN_UNUSED_VARIABLE = YES;
				IPHONEOS_DEPLOYMENT_TARGET = 17.0;
				MTL_ENABLE_DEBUG_INFO = INCLUDE_SOURCE;
				MTL_FAST_MATH = YES;
				ONLY_ACTIVE_ARCH = YES;
				SDKROOT = iphoneos;
				STRING_CATALOG_GENERATE_SYMBOLS = YES;
				SWIFT_ACTIVE_COMPILATION_CONDITIONS = DEBUG;
				SWIFT_OPTIMIZATION_LEVEL = "-Onone";
			};
			name = Debug;
		};
		A00000000000000000000602 /* Release */ = {
			isa = XCBuildConfiguration;
			buildSettings = {
				ALWAYS_SEARCH_USER_PATHS = NO;
				CLANG_ANALYZER_NONNULL = YES;
				CLANG_ANALYZER_NUMBER_OBJECT_CONVERSION = YES_AGGRESSIVE;
				CLANG_CXX_LANGUAGE_STANDARD = "gnu++20";
				CLANG_ENABLE_MODULES = YES;
				CLANG_ENABLE_OBJC_ARC = YES;
				CLANG_ENABLE_OBJC_WEAK = YES;
				CLANG_WARN_BLOCK_CAPTURE_AUTORELEASING = YES;
				CLANG_WARN_BOOL_CONVERSION = YES;
				CLANG_WARN_COMMA = YES;
				CLANG_WARN_CONSTANT_CONVERSION = YES;
				CLANG_WARN_DEPRECATED_OBJC_IMPLEMENTATIONS = YES;
				CLANG_WARN_DIRECT_OBJC_ISA_USAGE = YES_ERROR;
				CLANG_WARN_DOCUMENTATION_COMMENTS = YES;
				CLANG_WARN_EMPTY_BODY = YES;
				CLANG_WARN_ENUM_CONVERSION = YES;
				CLANG_WARN_INFINITE_RECURSION = YES;
				CLANG_WARN_INT_CONVERSION = YES;
				CLANG_WARN_NON_LITERAL_NULL_CONVERSION = YES;
				CLANG_WARN_OBJC_IMPLICIT_RETAIN_SELF = YES;
				CLANG_WARN_OBJC_LITERAL_CONVERSION = YES;
				CLANG_WARN_OBJC_ROOT_CLASS = YES_ERROR;
				CLANG_WARN_QUOTED_INCLUDE_IN_FRAMEWORK_HEADER = YES;
				CLANG_WARN_RANGE_LOOP_ANALYSIS = YES;
				CLANG_WARN_STRICT_PROTOTYPES = YES;
				CLANG_WARN_SUSPICIOUS_MOVE = YES;
				CLANG_WARN_UNGUARDED_AVAILABILITY = YES_AGGRESSIVE;
				CLANG_WARN_UNREACHABLE_CODE = YES;
				CLANG_WARN__DUPLICATE_METHOD_MATCH = YES;
				COPY_PHASE_STRIP = NO;
				DEBUG_INFORMATION_FORMAT = "dwarf-with-dsym";
				ENABLE_NS_ASSERTIONS = NO;
				ENABLE_STRICT_OBJC_MSGSEND = YES;
				ENABLE_USER_SCRIPT_SANDBOXING = YES;
				GCC_C_LANGUAGE_STANDARD = gnu17;
				GCC_NO_COMMON_BLOCKS = YES;
				GCC_WARN_64_TO_32_BIT_CONVERSION = YES;
				GCC_WARN_ABOUT_RETURN_TYPE = YES_ERROR;
				GCC_WARN_UNDECLARED_SELECTOR = YES;
				GCC_WARN_UNINITIALIZED_AUTOS = YES_AGGRESSIVE;
				GCC_WARN_UNUSED_FUNCTION = YES;
				GCC_WARN_UNUSED_VARIABLE = YES;
				IPHONEOS_DEPLOYMENT_TARGET = 17.0;
				MTL_ENABLE_DEBUG_INFO = NO;
				MTL_FAST_MATH = YES;
				SDKROOT = iphoneos;
				STRING_CATALOG_GENERATE_SYMBOLS = YES;
				SWIFT_COMPILATION_MODE = wholemodule;
				SWIFT_OPTIMIZATION_LEVEL = "-O";
				VALIDATE_PRODUCT = YES;
			};
			name = Release;
		};
		A00000000000000000000603 /* Debug */ = {
			isa = XCBuildConfiguration;
			buildSettings = {
				CODE_SIGN_STYLE = Automatic;
				CURRENT_PROJECT_VERSION = 1;
				DEVELOPMENT_ASSET_PATHS = "";
				DEVELOPMENT_TEAM = "";
				GENERATE_INFOPLIST_FILE = NO;
				INFOPLIST_FILE = ResearchSupportiOS/Info.plist;
				IPHONEOS_DEPLOYMENT_TARGET = 17.0;
				LD_RUNPATH_SEARCH_PATHS = (
					"$(inherited)",
					"@executable_path/Frameworks",
				);
				MARKETING_VERSION = 1.0;
				PRODUCT_BUNDLE_IDENTIFIER = com.example.ResearchSupportIPhone;
				PRODUCT_NAME = ResearchSupportIPhone;
				SUPPORTED_PLATFORMS = "iphoneos iphonesimulator";
				SUPPORTS_MACCATALYST = NO;
				SUPPORTS_MAC_DESIGNED_FOR_IPHONE_IPAD = NO;
				SWIFT_EMIT_LOC_STRINGS = YES;
				SWIFT_VERSION = 5.0;
				TARGETED_DEVICE_FAMILY = 1;
			};
			name = Debug;
		};
		A00000000000000000000604 /* Release */ = {
			isa = XCBuildConfiguration;
			buildSettings = {
				CODE_SIGN_STYLE = Automatic;
				CURRENT_PROJECT_VERSION = 1;
				DEVELOPMENT_ASSET_PATHS = "";
				DEVELOPMENT_TEAM = "";
				GENERATE_INFOPLIST_FILE = NO;
				INFOPLIST_FILE = ResearchSupportiOS/Info.plist;
				IPHONEOS_DEPLOYMENT_TARGET = 17.0;
				LD_RUNPATH_SEARCH_PATHS = (
					"$(inherited)",
					"@executable_path/Frameworks",
				);
				MARKETING_VERSION = 1.0;
				PRODUCT_BUNDLE_IDENTIFIER = com.example.ResearchSupportIPhone;
				PRODUCT_NAME = ResearchSupportIPhone;
				SUPPORTED_PLATFORMS = "iphoneos iphonesimulator";
				SUPPORTS_MACCATALYST = NO;
				SUPPORTS_MAC_DESIGNED_FOR_IPHONE_IPAD = NO;
				SWIFT_EMIT_LOC_STRINGS = YES;
				SWIFT_VERSION = 5.0;
				TARGETED_DEVICE_FAMILY = 1;
			};
			name = Release;
		};
/* End XCBuildConfiguration section */

/* Begin XCConfigurationList section */
		A00000000000000000000701 /* Build configuration list for PBXProject "ResearchSupportiOS" */ = {
			isa = XCConfigurationList;
			buildConfigurations = (
				A00000000000000000000601 /* Debug */,
				A00000000000000000000602 /* Release */,
			);
			defaultConfigurationIsVisible = 0;
			defaultConfigurationName = Release;
		};
		A00000000000000000000703 /* Build configuration list for PBXNativeTarget "ResearchSupportIPhone" */ = {
			isa = XCConfigurationList;
			buildConfigurations = (
				A00000000000000000000603 /* Debug */,
				A00000000000000000000604 /* Release */,
			);
			defaultConfigurationIsVisible = 0;
			defaultConfigurationName = Release;
		};
/* End XCConfigurationList section */
	};
	rootObject = A00000000000000000000501 /* Project object */;
}
